
Microsoft Visual Studio Solution File, Format Version 12.00
# Visual Studio Version 17
VisualStudioVersion = 17.3.32922.545
MinimumVisualStudioVersion = 10.0.40219.1
Project("{FAE04EC0-301F-11D3-BF4B-00C04F79EFBC}") = "QuanLyDeTai", "QuanLyDeTai.csproj", "{D133E037-07E9-489F-A6E0-C08AD28B179D}"
EndProject
Global
	GlobalSection(SolutionConfigurationPlatforms) = preSolution
		Debug|Any CPU = Debug|Any CPU
		Release|Any CPU = Release|Any CPU
	EndGlobalSection
	GlobalSection(ProjectConfigurationPlatforms) = postSolution
		{D133E037-07E9-489F-A6E0-C08AD28B179D}.Debug|Any CPU.ActiveCfg = Debug|Any CPU
		{D133E037-07E9-489F-A6E0-C08AD28B179D}.Debug|Any CPU.Build.0 = Debug|Any CPU
		{D133E037-07E9-489F-A6E0-C08AD28B179D}.Release|Any CPU.ActiveCfg = Release|Any CPU
		{D133E037-07E9-489F-A6E0-C08AD28B179D}.Release|Any CPU.Build.0 = Release|Any CPU
	EndGlobalSection
	GlobalSection(SolutionProperties) = preSolution
		HideSolutionNode = FALSE
	EndGlobalSection
	GlobalSection(ExtensibilityGlobals) = postSolution
		SolutionGuid = {DAB38A5D-043B-4320-AC44-AC1BD440F7AE}
	EndGlobalSection
EndGlobal
